
Microsoft Visual Studio Solution File, Format Version 12.00
# Visual Studio Version 17
VisualStudioVersion = 17.5.002.0
MinimumVisualStudioVersion = 10.0.40219.1
Project("{9A19103F-16F7-4668-BE54-9A1E7A4F7556}") = "TrilhaApiDesafio", "TrilhaApiDesafio.csproj", "{C5A3A228-DD1F-4F57-8B7F-C8ED5EBAB837}"
EndProject
Global
	GlobalSection(SolutionConfigurationPlatforms) = preSolution
		Debug|Any CPU = Debug|Any CPU
		Release|Any CPU = Release|Any CPU
	EndGlobalSection
	GlobalSection(ProjectConfigurationPlatforms) = postSolution
		{C5A3A228-DD1F-4F57-8B7F-C8ED5EBAB837}.Debug|Any CPU.ActiveCfg = Debug|Any CPU
		{C5A3A228-DD1F-4F57-8B7F-C8ED5EBAB837}.Debug|Any CPU.Build.0 = Debug|Any CPU
		{C5A3A228-DD1F-4F57-8B7F-C8ED5EBAB837}.Release|Any CPU.ActiveCfg = Release|Any CPU
		{C5A3A228-DD1F-4F57-8B7F-C8ED5EBAB837}.Release|Any CPU.Build.0 = Release|Any CPU
	EndGlobalSection
	GlobalSection(SolutionProperties) = preSolution
		HideSolutionNode = FALSE
	EndGlobalSection
	GlobalSection(ExtensibilityGlobals) = postSolution
		SolutionGuid = {94200885-2FA5-48DF-AC89-A23AF308FC77}
	EndGlobalSection
EndGlobal
